
Microsoft Visual Studio Solution File, Format Version 12.00
# Visual Studio 15
VisualStudioVersion = 15.0.28307.572
MinimumVisualStudioVersion = 10.0.40219.1
Project("{FAE04EC0-301F-11D3-BF4B-00C04F79EFBC}") = "WeatherDiary", "WeatherDiary.csproj", "{B77F912C-B980-4A38-A839-C916EE09B35E}"
EndProject
Global
	GlobalSection(SolutionConfigurationPlatforms) = preSolution
		Debug|Any CPU = Debug|Any CPU
		Release|Any CPU = Release|Any CPU
	EndGlobalSection
	GlobalSection(ProjectConfigurationPlatforms) = postSolution
		{B77F912C-B980-4A38-A839-C916EE09B35E}.Debug|Any CPU.ActiveCfg = Debug|Any CPU
		{B77F912C-B980-4A38-A839-C916EE09B35E}.Debug|Any CPU.Build.0 = Debug|Any CPU
		{B77F912C-B980-4A38-A839-C916EE09B35E}.Release|Any CPU.ActiveCfg = Release|Any CPU
		{B77F912C-B980-4A38-A839-C916EE09B35E}.Release|Any CPU.Build.0 = Release|Any CPU
	EndGlobalSection
	GlobalSection(SolutionProperties) = preSolution
		HideSolutionNode = FALSE
	EndGlobalSection
	GlobalSection(ExtensibilityGlobals) = postSolution
		SolutionGuid = {7B495406-F201-4FED-B731-DFE577A0553A}
	EndGlobalSection
EndGlobal
